{
  "name": "CPSC-349-Exercise-4",
  "lockfileVersion": 2,
  "requires": true,
  "packages": {
    "": {
      "dependencies": {
        "create-react": "^0.0.0"
      }
    },
    "node_modules/create-react": {
      "version": "0.0.0",
      "resolved": "https://registry.npmjs.org/create-react/-/create-react-0.0.0.tgz",
      "integrity": "sha512-bf7JHslP3yrO7e5eSdphm7T4ZN2kkFaEel14Z0A5N27guNtmDpbwtSrytkhdoyjRNFrHGT5YA2f+xIOsuSFnxA=="
    }
  },
  "dependencies": {
    "create-react": {
      "version": "0.0.0",
      "resolved": "https://registry.npmjs.org/create-react/-/create-react-0.0.0.tgz",
      "integrity": "sha512-bf7JHslP3yrO7e5eSdphm7T4ZN2kkFaEel14Z0A5N27guNtmDpbwtSrytkhdoyjRNFrHGT5YA2f+xIOsuSFnxA=="
    }
  }
}
